
Microsoft Visual Studio Solution File, Format Version 12.00
# Visual Studio Version 17
VisualStudioVersion = 17.14.36623.8 d17.14
MinimumVisualStudioVersion = 10.0.40219.1
Project("{FAE04EC0-301F-11D3-BF4B-00C04F79EFBC}") = "RestApp", "RestApp.csproj", "{56109458-3D3A-42E9-B114-56825D8CC507}"
EndProject
Global
	GlobalSection(SolutionConfigurationPlatforms) = preSolution
		Debug|Any CPU = Debug|Any CPU
		Release|Any CPU = Release|Any CPU
	EndGlobalSection
	GlobalSection(ProjectConfigurationPlatforms) = postSolution
		{56109458-3D3A-42E9-B114-56825D8CC507}.Debug|Any CPU.ActiveCfg = Debug|Any CPU
		{56109458-3D3A-42E9-B114-56825D8CC507}.Debug|Any CPU.Build.0 = Debug|Any CPU
		{56109458-3D3A-42E9-B114-56825D8CC507}.Release|Any CPU.ActiveCfg = Release|Any CPU
		{56109458-3D3A-42E9-B114-56825D8CC507}.Release|Any CPU.Build.0 = Release|Any CPU
	EndGlobalSection
	GlobalSection(SolutionProperties) = preSolution
		HideSolutionNode = FALSE
	EndGlobalSection
	GlobalSection(ExtensibilityGlobals) = postSolution
		SolutionGuid = {1C7F1B32-AE3A-46DF-889B-5FBAACB8D1E7}
	EndGlobalSection
EndGlobal
